
Microsoft Visual Studio Solution File, Format Version 12.00
# Visual Studio Version 17
VisualStudioVersion = 17.5.002.0
MinimumVisualStudioVersion = 10.0.40219.1
Project("{9A19103F-16F7-4668-BE54-9A1E7A4F7556}") = "TestProject", "TestProject.csproj", "{8408BA5C-8818-4FE8-AC3E-6B9177A73B46}"
EndProject
Global
	GlobalSection(SolutionConfigurationPlatforms) = preSolution
		Debug|Any CPU = Debug|Any CPU
		Release|Any CPU = Release|Any CPU
	EndGlobalSection
	GlobalSection(ProjectConfigurationPlatforms) = postSolution
		{8408BA5C-8818-4FE8-AC3E-6B9177A73B46}.Debug|Any CPU.ActiveCfg = Debug|Any CPU
		{8408BA5C-8818-4FE8-AC3E-6B9177A73B46}.Debug|Any CPU.Build.0 = Debug|Any CPU
		{8408BA5C-8818-4FE8-AC3E-6B9177A73B46}.Release|Any CPU.ActiveCfg = Release|Any CPU
		{8408BA5C-8818-4FE8-AC3E-6B9177A73B46}.Release|Any CPU.Build.0 = Release|Any CPU
	EndGlobalSection
	GlobalSection(SolutionProperties) = preSolution
		HideSolutionNode = FALSE
	EndGlobalSection
	GlobalSection(ExtensibilityGlobals) = postSolution
		SolutionGuid = {1617A9EA-5EC9-49C4-89D6-974D110E6196}
	EndGlobalSection
EndGlobal
